
Microsoft Visual Studio Solution File, Format Version 12.00
# Visual Studio Version 16
VisualStudioVersion = 16.0.31025.194
MinimumVisualStudioVersion = 10.0.40219.1
Project("{FAE04EC0-301F-11D3-BF4B-00C04F79EFBC}") = "Lab1", "Lab1.csproj", "{66D782DE-E30D-4D02-A139-853B8472743A}"
EndProject
Global
	GlobalSection(SolutionConfigurationPlatforms) = preSolution
		Debug|Any CPU = Debug|Any CPU
		Release|Any CPU = Release|Any CPU
	EndGlobalSection
	GlobalSection(ProjectConfigurationPlatforms) = postSolution
		{66D782DE-E30D-4D02-A139-853B8472743A}.Debug|Any CPU.ActiveCfg = Debug|Any CPU
		{66D782DE-E30D-4D02-A139-853B8472743A}.Debug|Any CPU.Build.0 = Debug|Any CPU
		{66D782DE-E30D-4D02-A139-853B8472743A}.Release|Any CPU.ActiveCfg = Release|Any CPU
		{66D782DE-E30D-4D02-A139-853B8472743A}.Release|Any CPU.Build.0 = Release|Any CPU
	EndGlobalSection
	GlobalSection(SolutionProperties) = preSolution
		HideSolutionNode = FALSE
	EndGlobalSection
	GlobalSection(ExtensibilityGlobals) = postSolution
		SolutionGuid = {433C7A91-305A-466E-A59E-A28FE28E5803}
	EndGlobalSection
EndGlobal
