
Microsoft Visual Studio Solution File, Format Version 12.00
# Visual Studio Version 16
VisualStudioVersion = 16.0.31025.194
MinimumVisualStudioVersion = 10.0.40219.1
Project("{FAE04EC0-301F-11D3-BF4B-00C04F79EFBC}") = "lab6", "lab6.csproj", "{EBE9C9DA-E6A1-45A3-88F2-5EA0E40A733E}"
EndProject
Global
	GlobalSection(SolutionConfigurationPlatforms) = preSolution
		Debug|Any CPU = Debug|Any CPU
		Release|Any CPU = Release|Any CPU
	EndGlobalSection
	GlobalSection(ProjectConfigurationPlatforms) = postSolution
		{EBE9C9DA-E6A1-45A3-88F2-5EA0E40A733E}.Debug|Any CPU.ActiveCfg = Debug|Any CPU
		{EBE9C9DA-E6A1-45A3-88F2-5EA0E40A733E}.Debug|Any CPU.Build.0 = Debug|Any CPU
		{EBE9C9DA-E6A1-45A3-88F2-5EA0E40A733E}.Release|Any CPU.ActiveCfg = Release|Any CPU
		{EBE9C9DA-E6A1-45A3-88F2-5EA0E40A733E}.Release|Any CPU.Build.0 = Release|Any CPU
	EndGlobalSection
	GlobalSection(SolutionProperties) = preSolution
		HideSolutionNode = FALSE
	EndGlobalSection
	GlobalSection(ExtensibilityGlobals) = postSolution
		SolutionGuid = {7F130513-741A-4096-B166-1CBB50C64019}
	EndGlobalSection
EndGlobal
